// !$*UTF8*$!
{
	archiveVersion = 1;
	classes = {
	};
	objectVersion = 46;
	objects = {

/* Begin PBXBuildFile section */
		1E0AC24D1FA3D7D6406EF784 /* Pods_devslopes_social.framework in Frameworks */ = {isa = PBXBuildFile; fileRef = 5F2E0264E12B86030B11F596 /* Pods_devslopes_social.framework */; };
		BA2BB88A1E6AC8270045369B /* AppDelegate.swift in Sources */ = {isa = PBXBuildFile; fileRef = BA2BB8891E6AC8270045369B /* AppDelegate.swift */; };
		BA2BB88C1E6AC8270045369B /* SignInVC.swift in Sources */ = {isa = PBXBuildFile; fileRef = BA2BB88B1E6AC8270045369B /* SignInVC.swift */; };
		BA2BB88F1E6AC8270045369B /* Main.storyboard in Resources */ = {isa = PBXBuildFile; fileRef = BA2BB88D1E6AC8270045369B /* Main.storyboard */; };
		BA2BB8911E6AC8270045369B /* Assets.xcassets in Resources */ = {isa = PBXBuildFile; fileRef = BA2BB8901E6AC8270045369B /* Assets.xcassets */; };
		BA2BB8941E6AC8270045369B /* LaunchScreen.storyboard in Resources */ = {isa = PBXBuildFile; fileRef = BA2BB8921E6AC8270045369B /* LaunchScreen.storyboard */; };
		BA2BB89C1E6AC9310045369B /* GoogleService-Info.plist in Resources */ = {isa = PBXBuildFile; fileRef = BA2BB89B1E6AC9310045369B /* GoogleService-Info.plist */; };
		BAC2890F1E6C07490043711C /* FancyView.swift in Sources */ = {isa = PBXBuildFile; fileRef = BAC2890E1E6C07490043711C /* FancyView.swift */; };
		BAC289121E6C07F40043711C /* Constants.swift in Sources */ = {isa = PBXBuildFile; fileRef = BAC289111E6C07F40043711C /* Constants.swift */; };
		BAC289141E6C0AA90043711C /* RoundBtn.swift in Sources */ = {isa = PBXBuildFile; fileRef = BAC289131E6C0AA90043711C /* RoundBtn.swift */; };
		BAC289161E6C0D9E0043711C /* FancyField.swift in Sources */ = {isa = PBXBuildFile; fileRef = BAC289151E6C0D9E0043711C /* FancyField.swift */; };
		BAC289181E6C19F70043711C /* FancyBtn.swift in Sources */ = {isa = PBXBuildFile; fileRef = BAC289171E6C19F70043711C /* FancyBtn.swift */; };
/* End PBXBuildFile section */

/* Begin PBXFileReference section */
		5F2E0264E12B86030B11F596 /* Pods_devslopes_social.framework */ = {isa = PBXFileReference; explicitFileType = wrapper.framework; includeInIndex = 0; path = Pods_devslopes_social.framework; sourceTree = BUILT_PRODUCTS_DIR; };
		62CB2973207013BC0229B755 /* Pods-devslopes-social.release.xcconfig */ = {isa = PBXFileReference; includeInIndex = 1; lastKnownFileType = text.xcconfig; name = "Pods-devslopes-social.release.xcconfig"; path = "Pods/Target Support Files/Pods-devslopes-social/Pods-devslopes-social.release.xcconfig"; sourceTree = "<group>"; };
		BA2BB8861E6AC8270045369B /* devslopes-social.app */ = {isa = PBXFileReference; explicitFileType = wrapper.application; includeInIndex = 0; path = "devslopes-social.app"; sourceTree = BUILT_PRODUCTS_DIR; };
		BA2BB8891E6AC8270045369B /* AppDelegate.swift */ = {isa = PBXFileReference; lastKnownFileType = sourcecode.swift; path = AppDelegate.swift; sourceTree = "<group>"; };
		BA2BB88B1E6AC8270045369B /* SignInVC.swift */ = {isa = PBXFileReference; lastKnownFileType = sourcecode.swift; path = SignInVC.swift; sourceTree = "<group>"; };
		BA2BB88E1E6AC8270045369B /* Base */ = {isa = PBXFileReference; lastKnownFileType = file.storyboard; name = Base; path = Base.lproj/Main.storyboard; sourceTree = "<group>"; };
		BA2BB8901E6AC8270045369B /* Assets.xcassets */ = {isa = PBXFileReference; lastKnownFileType = folder.assetcatalog; path = Assets.xcassets; sourceTree = "<group>"; };
		BA2BB8931E6AC8270045369B /* Base */ = {isa = PBXFileReference; lastKnownFileType = file.storyboard; name = Base; path = Base.lproj/LaunchScreen.storyboard; sourceTree = "<group>"; };
		BA2BB8951E6AC8270045369B /* Info.plist */ = {isa = PBXFileReference; lastKnownFileType = text.plist.xml; path = Info.plist; sourceTree = "<group>"; };
		BA2BB89B1E6AC9310045369B /* GoogleService-Info.plist */ = {isa = PBXFileReference; fileEncoding = 4; lastKnownFileType = text.plist.xml; path = "GoogleService-Info.plist"; sourceTree = "<group>"; };
		BAC2890E1E6C07490043711C /* FancyView.swift */ = {isa = PBXFileReference; fileEncoding = 4; lastKnownFileType = sourcecode.swift; path = FancyView.swift; sourceTree = "<group>"; };
		BAC289111E6C07F40043711C /* Constants.swift */ = {isa = PBXFileReference; fileEncoding = 4; lastKnownFileType = sourcecode.swift; path = Constants.swift; sourceTree = "<group>"; };
		BAC289131E6C0AA90043711C /* RoundBtn.swift */ = {isa = PBXFileReference; fileEncoding = 4; lastKnownFileType = sourcecode.swift; path = RoundBtn.swift; sourceTree = "<group>"; };
		BAC289151E6C0D9E0043711C /* FancyField.swift */ = {isa = PBXFileReference; fileEncoding = 4; lastKnownFileType = sourcecode.swift; path = FancyField.swift; sourceTree = "<group>"; };
		BAC289171E6C19F70043711C /* FancyBtn.swift */ = {isa = PBXFileReference; fileEncoding = 4; lastKnownFileType = sourcecode.swift; path = FancyBtn.swift; sourceTree = "<group>"; };
		BAC289191E6D6EB00043711C /* devslopes-social.entitlements */ = {isa = PBXFileReference; lastKnownFileType = text.plist.entitlements; path = "devslopes-social.entitlements"; sourceTree = "<group>"; };
		F7EE8CFCF7518AAC96B92F68 /* Pods-devslopes-social.debug.xcconfig */ = {isa = PBXFileReference; includeInIndex = 1; lastKnownFileType = text.xcconfig; name = "Pods-devslopes-social.debug.xcconfig"; path = "Pods/Target Support Files/Pods-devslopes-social/Pods-devslopes-social.debug.xcconfig"; sourceTree = "<group>"; };
/* End PBXFileReference section */

/* Begin PBXFrameworksBuildPhase section */
		BA2BB8831E6AC8270045369B /* Frameworks */ = {
			isa = PBXFrameworksBuildPhase;
			buildActionMask = 2147483647;
			files = (
				1E0AC24D1FA3D7D6406EF784 /* Pods_devslopes_social.framework in Frameworks */,
			);
			runOnlyForDeploymentPostprocessing = 0;
		};
/* End PBXFrameworksBuildPhase section */

/* Begin PBXGroup section */
		1569D948C162E1B1528AB580 /* Pods */ = {
			isa = PBXGroup;
			children = (
				F7EE8CFCF7518AAC96B92F68 /* Pods-devslopes-social.debug.xcconfig */,
				62CB2973207013BC0229B755 /* Pods-devslopes-social.release.xcconfig */,
			);
			name = Pods;
			sourceTree = "<group>";
		};
		9F31964100E29CA0915ECEAE /* Frameworks */ = {
			isa = PBXGroup;
			children = (
				5F2E0264E12B86030B11F596 /* Pods_devslopes_social.framework */,
			);
			name = Frameworks;
			sourceTree = "<group>";
		};
		BA2BB87D1E6AC8270045369B = {
			isa = PBXGroup;
			children = (
				BA2BB8881E6AC8270045369B /* devslopes-social */,
				BA2BB8871E6AC8270045369B /* Products */,
				1569D948C162E1B1528AB580 /* Pods */,
				9F31964100E29CA0915ECEAE /* Frameworks */,
			);
			sourceTree = "<group>";
		};
		BA2BB8871E6AC8270045369B /* Products */ = {
			isa = PBXGroup;
			children = (
				BA2BB8861E6AC8270045369B /* devslopes-social.app */,
			);
			name = Products;
			sourceTree = "<group>";
		};
		BA2BB8881E6AC8270045369B /* devslopes-social */ = {
			isa = PBXGroup;
			children = (
				BAC289191E6D6EB00043711C /* devslopes-social.entitlements */,
				BAC289101E6C07DF0043711C /* Util */,
				BAC2890B1E6ACEE20043711C /* Model */,
				BAC2890D1E6ACEF40043711C /* Controller */,
				BAC2890C1E6ACEEA0043711C /* View */,
				BA2BB8891E6AC8270045369B /* AppDelegate.swift */,
				BA2BB88D1E6AC8270045369B /* Main.storyboard */,
				BA2BB8901E6AC8270045369B /* Assets.xcassets */,
				BA2BB8921E6AC8270045369B /* LaunchScreen.storyboard */,
				BA2BB89B1E6AC9310045369B /* GoogleService-Info.plist */,
				BA2BB8951E6AC8270045369B /* Info.plist */,
			);
			path = "devslopes-social";
			sourceTree = "<group>";
		};
		BAC2890B1E6ACEE20043711C /* Model */ = {
			isa = PBXGroup;
			children = (
			);
			name = Model;
			sourceTree = "<group>";
		};
		BAC2890C1E6ACEEA0043711C /* View */ = {
			isa = PBXGroup;
			children = (
				BAC2890E1E6C07490043711C /* FancyView.swift */,
				BAC289131E6C0AA90043711C /* RoundBtn.swift */,
				BAC289151E6C0D9E0043711C /* FancyField.swift */,
				BAC289171E6C19F70043711C /* FancyBtn.swift */,
			);
			name = View;
			sourceTree = "<group>";
		};
		BAC2890D1E6ACEF40043711C /* Controller */ = {
			isa = PBXGroup;
			children = (
				BA2BB88B1E6AC8270045369B /* SignInVC.swift */,
			);
			name = Controller;
			sourceTree = "<group>";
		};
		BAC289101E6C07DF0043711C /* Util */ = {
			isa = PBXGroup;
			children = (
				BAC289111E6C07F40043711C /* Constants.swift */,
			);
			name = Util;
			sourceTree = "<group>";
		};
/* End PBXGroup section */

/* Begin PBXNativeTarget section */
		BA2BB8851E6AC8270045369B /* devslopes-social */ = {
			isa = PBXNativeTarget;
			buildConfigurationList = BA2BB8981E6AC8270045369B /* Build configuration list for PBXNativeTarget "devslopes-social" */;
			buildPhases = (
				70CDCAAA063E846E6FBC2C1A /* [CP] Check Pods Manifest.lock */,
				BA2BB8821E6AC8270045369B /* Sources */,
				BA2BB8831E6AC8270045369B /* Frameworks */,
				BA2BB8841E6AC8270045369B /* Resources */,
				B430746B9317DF14B6E3FA19 /* [CP] Embed Pods Frameworks */,
				198A5060CBBC6FE73CBB597A /* [CP] Copy Pods Resources */,
			);
			buildRules = (
			);
			dependencies = (
			);
			name = "devslopes-social";
			productName = "devslopes-social";
			productReference = BA2BB8861E6AC8270045369B /* devslopes-social.app */;
			productType = "com.apple.product-type.application";
		};
/* End PBXNativeTarget section */

/* Begin PBXProject section */
		BA2BB87E1E6AC8270045369B /* Project object */ = {
			isa = PBXProject;
			attributes = {
				LastSwiftUpdateCheck = 0820;
				LastUpgradeCheck = 0820;
				ORGANIZATIONNAME = Opia;
				TargetAttributes = {
					BA2BB8851E6AC8270045369B = {
						CreatedOnToolsVersion = 8.2.1;
						DevelopmentTeam = 52V7J3YLHZ;
						ProvisioningStyle = Automatic;
						SystemCapabilities = {
							com.apple.Keychain = {
								enabled = 1;
							};
						};
					};
				};
			};
			buildConfigurationList = BA2BB8811E6AC8270045369B /* Build configuration list for PBXProject "devslopes-social" */;
			compatibilityVersion = "Xcode 3.2";
			developmentRegion = English;
			hasScannedForEncodings = 0;
			knownRegions = (
				en,
				Base,
			);
			mainGroup = BA2BB87D1E6AC8270045369B;
			productRefGroup = BA2BB8871E6AC8270045369B /* Products */;
			projectDirPath = "";
			projectRoot = "";
			targets = (
				BA2BB8851E6AC8270045369B /* devslopes-social */,
			);
		};
/* End PBXProject section */

/* Begin PBXResourcesBuildPhase section */
		BA2BB8841E6AC8270045369B /* Resources */ = {
			isa = PBXResourcesBuildPhase;
			buildActionMask = 2147483647;
			files = (
				BA2BB8941E6AC8270045369B /* LaunchScreen.storyboard in Resources */,
				BA2BB8911E6AC8270045369B /* Assets.xcassets in Resources */,
				BA2BB89C1E6AC9310045369B /* GoogleService-Info.plist in Resources */,
				BA2BB88F1E6AC8270045369B /* Main.storyboard in Resources */,
			);
			runOnlyForDeploymentPostprocessing = 0;
		};
/* End PBXResourcesBuildPhase section */

/* Begin PBXShellScriptBuildPhase section */
		198A5060CBBC6FE73CBB597A /* [CP] Copy Pods Resources */ = {
			isa = PBXShellScriptBuildPhase;
			buildActionMask = 2147483647;
			files = (
			);
			inputPaths = (
			);
			name = "[CP] Copy Pods Resources";
			outputPaths = (
			);
			runOnlyForDeploymentPostprocessing = 0;
			shellPath = /bin/sh;
			shellScript = "\"${SRCROOT}/Pods/Target Support Files/Pods-devslopes-social/Pods-devslopes-social-resources.sh\"\n";
			showEnvVarsInLog = 0;
		};
		70CDCAAA063E846E6FBC2C1A /* [CP] Check Pods Manifest.lock */ = {
			isa = PBXShellScriptBuildPhase;
			buildActionMask = 2147483647;
			files = (
			);
			inputPaths = (
			);
			name = "[CP] Check Pods Manifest.lock";
			outputPaths = (
			);
			runOnlyForDeploymentPostprocessing = 0;
			shellPath = /bin/sh;
			shellScript = "diff \"${PODS_ROOT}/../Podfile.lock\" \"${PODS_ROOT}/Manifest.lock\" > /dev/null\nif [ $? != 0 ] ; then\n    # print error to STDERR\n    echo \"error: The sandbox is not in sync with the Podfile.lock. Run 'pod install' or update your CocoaPods installation.\" >&2\n    exit 1\nfi\n";
			showEnvVarsInLog = 0;
		};
		B430746B9317DF14B6E3FA19 /* [CP] Embed Pods Frameworks */ = {
			isa = PBXShellScriptBuildPhase;
			buildActionMask = 2147483647;
			files = (
			);
			inputPaths = (
			);
			name = "[CP] Embed Pods Frameworks";
			outputPaths = (
			);
			runOnlyForDeploymentPostprocessing = 0;
			shellPath = /bin/sh;
			shellScript = "\"${SRCROOT}/Pods/Target Support Files/Pods-devslopes-social/Pods-devslopes-social-frameworks.sh\"\n";
			showEnvVarsInLog = 0;
		};
/* End PBXShellScriptBuildPhase section */

/* Begin PBXSourcesBuildPhase section */
		BA2BB8821E6AC8270045369B /* Sources */ = {
			isa = PBXSourcesBuildPhase;
			buildActionMask = 2147483647;
			files = (
				BAC289161E6C0D9E0043711C /* FancyField.swift in Sources */,
				BA2BB88C1E6AC8270045369B /* SignInVC.swift in Sources */,
				BAC289141E6C0AA90043711C /* RoundBtn.swift in Sources */,
				BA2BB88A1E6AC8270045369B /* AppDelegate.swift in Sources */,
				BAC2890F1E6C07490043711C /* FancyView.swift in Sources */,
				BAC289121E6C07F40043711C /* Constants.swift in Sources */,
				BAC289181E6C19F70043711C /* FancyBtn.swift in Sources */,
			);
			runOnlyForDeploymentPostprocessing = 0;
		};
/* End PBXSourcesBuildPhase section */

/* Begin PBXVariantGroup section */
		BA2BB88D1E6AC8270045369B /* Main.storyboard */ = {
			isa = PBXVariantGroup;
			children = (
				BA2BB88E1E6AC8270045369B /* Base */,
			);
			name = Main.storyboard;
			sourceTree = "<group>";
		};
		BA2BB8921E6AC8270045369B /* LaunchScreen.storyboard */ = {
			isa = PBXVariantGroup;
			children = (
				BA2BB8931E6AC8270045369B /* Base */,
			);
			name = LaunchScreen.storyboard;
			sourceTree = "<group>";
		};
/* End PBXVariantGroup section */

/* Begin XCBuildConfiguration section */
		BA2BB8961E6AC8270045369B /* Debug */ = {
			isa = XCBuildConfiguration;
			buildSettings = {
				ALWAYS_SEARCH_USER_PATHS = NO;
				CLANG_ANALYZER_NONNULL = YES;
				CLANG_CXX_LANGUAGE_STANDARD = "gnu++0x";
				CLANG_CXX_LIBRARY = "libc++";
				CLANG_ENABLE_MODULES = YES;
				CLANG_ENABLE_OBJC_ARC = YES;
				CLANG_WARN_BOOL_CONVERSION = YES;
				CLANG_WARN_CONSTANT_CONVERSION = YES;
				CLANG_WARN_DIRECT_OBJC_ISA_USAGE = YES_ERROR;
				CLANG_WARN_DOCUMENTATION_COMMENTS = YES;
				CLANG_WARN_EMPTY_BODY = YES;
				CLANG_WARN_ENUM_CONVERSION = YES;
				CLANG_WARN_INFINITE_RECURSION = YES;
				CLANG_WARN_INT_CONVERSION = YES;
				CLANG_WARN_OBJC_ROOT_CLASS = YES_ERROR;
				CLANG_WARN_SUSPICIOUS_MOVE = YES;
				CLANG_WARN_UNREACHABLE_CODE = YES;
				CLANG_WARN__DUPLICATE_METHOD_MATCH = YES;
				"CODE_SIGN_IDENTITY[sdk=iphoneos*]" = "iPhone Developer";
				COPY_PHASE_STRIP = NO;
				DEBUG_INFORMATION_FORMAT = dwarf;
				ENABLE_STRICT_OBJC_MSGSEND = YES;
				ENABLE_TESTABILITY = YES;
				GCC_C_LANGUAGE_STANDARD = gnu99;
				GCC_DYNAMIC_NO_PIC = NO;
				GCC_NO_COMMON_BLOCKS = YES;
				GCC_OPTIMIZATION_LEVEL = 0;
				GCC_PREPROCESSOR_DEFINITIONS = (
					"DEBUG=1",
					"$(inherited)",
				);
				GCC_WARN_64_TO_32_BIT_CONVERSION = YES;
				GCC_WARN_ABOUT_RETURN_TYPE = YES_ERROR;
				GCC_WARN_UNDECLARED_SELECTOR = YES;
				GCC_WARN_UNINITIALIZED_AUTOS = YES_AGGRESSIVE;
				GCC_WARN_UNUSED_FUNCTION = YES;
				GCC_WARN_UNUSED_VARIABLE = YES;
				IPHONEOS_DEPLOYMENT_TARGET = 10.2;
				MTL_ENABLE_DEBUG_INFO = YES;
				ONLY_ACTIVE_ARCH = YES;
				SDKROOT = iphoneos;
				SWIFT_ACTIVE_COMPILATION_CONDITIONS = DEBUG;
				SWIFT_OPTIMIZATION_LEVEL = "-Onone";
				TARGETED_DEVICE_FAMILY = "1,2";
			};
			name = Debug;
		};
		BA2BB8971E6AC8270045369B /* Release */ = {
			isa = XCBuildConfiguration;
			buildSettings = {
				ALWAYS_SEARCH_USER_PATHS = NO;
				CLANG_ANALYZER_NONNULL = YES;
				CLANG_CXX_LANGUAGE_STANDARD = "gnu++0x";
				CLANG_CXX_LIBRARY = "libc++";
				CLANG_ENABLE_MODULES = YES;
				CLANG_ENABLE_OBJC_ARC = YES;
				CLANG_WARN_BOOL_CONVERSION = YES;
				CLANG_WARN_CONSTANT_CONVERSION = YES;
				CLANG_WARN_DIRECT_OBJC_ISA_USAGE = YES_ERROR;
				CLANG_WARN_DOCUMENTATION_COMMENTS = YES;
				CLANG_WARN_EMPTY_BODY = YES;
				CLANG_WARN_ENUM_CONVERSION = YES;
				CLANG_WARN_INFINITE_RECURSION = YES;
				CLANG_WARN_INT_CONVERSION = YES;
				CLANG_WARN_OBJC_ROOT_CLASS = YES_ERROR;
				CLANG_WARN_SUSPICIOUS_MOVE = YES;
				CLANG_WARN_UNREACHABLE_CODE = YES;
				CLANG_WARN__DUPLICATE_METHOD_MATCH = YES;
				"CODE_SIGN_IDENTITY[sdk=iphoneos*]" = "iPhone Developer";
				COPY_PHASE_STRIP = NO;
				DEBUG_INFORMATION_FORMAT = "dwarf-with-dsym";
				ENABLE_NS_ASSERTIONS = NO;
				ENABLE_STRICT_OBJC_MSGSEND = YES;
				GCC_C_LANGUAGE_STANDARD = gnu99;
				GCC_NO_COMMON_BLOCKS = YES;
				GCC_WARN_64_TO_32_BIT_CONVERSION = YES;
				GCC_WARN_ABOUT_RETURN_TYPE = YES_ERROR;
				GCC_WARN_UNDECLARED_SELECTOR = YES;
				GCC_WARN_UNINITIALIZED_AUTOS = YES_AGGRESSIVE;
				GCC_WARN_UNUSED_FUNCTION = YES;
				GCC_WARN_UNUSED_VARIABLE = YES;
				IPHONEOS_DEPLOYMENT_TARGET = 10.2;
				MTL_ENABLE_DEBUG_INFO = NO;
				SDKROOT = iphoneos;
				SWIFT_OPTIMIZATION_LEVEL = "-Owholemodule";
				TARGETED_DEVICE_FAMILY = "1,2";
				VALIDATE_PRODUCT = YES;
			};
			name = Release;
		};
		BA2BB8991E6AC8270045369B /* Debug */ = {
			isa = XCBuildConfiguration;
			baseConfigurationReference = F7EE8CFCF7518AAC96B92F68 /* Pods-devslopes-social.debug.xcconfig */;
			buildSettings = {
				ASSETCATALOG_COMPILER_APPICON_NAME = AppIcon;
				CODE_SIGN_ENTITLEMENTS = "devslopes-social/devslopes-social.entitlements";
				DEVELOPMENT_TEAM = 52V7J3YLHZ;
				INFOPLIST_FILE = "devslopes-social/Info.plist";
				LD_RUNPATH_SEARCH_PATHS = "$(inherited) @executable_path/Frameworks";
				PRODUCT_BUNDLE_IDENTIFIER = "Opia.devslopes-social";
				PRODUCT_NAME = "$(TARGET_NAME)";
				SWIFT_VERSION = 3.0;
			};
			name = Debug;
		};
		BA2BB89A1E6AC8270045369B /* Release */ = {
			isa = XCBuildConfiguration;
			baseConfigurationReference = 62CB2973207013BC0229B755 /* Pods-devslopes-social.release.xcconfig */;
			buildSettings = {
				ASSETCATALOG_COMPILER_APPICON_NAME = AppIcon;
				CODE_SIGN_ENTITLEMENTS = "devslopes-social/devslopes-social.entitlements";
				DEVELOPMENT_TEAM = 52V7J3YLHZ;
				INFOPLIST_FILE = "devslopes-social/Info.plist";
				LD_RUNPATH_SEARCH_PATHS = "$(inherited) @executable_path/Frameworks";
				PRODUCT_BUNDLE_IDENTIFIER = "Opia.devslopes-social";
				PRODUCT_NAME = "$(TARGET_NAME)";
				SWIFT_VERSION = 3.0;
			};
			name = Release;
		};
/* End XCBuildConfiguration section */

/* Begin XCConfigurationList section */
		BA2BB8811E6AC8270045369B /* Build configuration list for PBXProject "devslopes-social" */ = {
			isa = XCConfigurationList;
			buildConfigurations = (
				BA2BB8961E6AC8270045369B /* Debug */,
				BA2BB8971E6AC8270045369B /* Release */,
			);
			defaultConfigurationIsVisible = 0;
			defaultConfigurationName = Release;
		};
		BA2BB8981E6AC8270045369B /* Build configuration list for PBXNativeTarget "devslopes-social" */ = {
			isa = XCConfigurationList;
			buildConfigurations = (
				BA2BB8991E6AC8270045369B /* Debug */,
				BA2BB89A1E6AC8270045369B /* Release */,
			);
			defaultConfigurationIsVisible = 0;
			defaultConfigurationName = Release;
		};
/* End XCConfigurationList section */
	};
	rootObject = BA2BB87E1E6AC8270045369B /* Project object */;
}
